version = 1
requires-python = ">=3.11"

[[package]]
name = "argcomplete"
version = "3.6.3"
source = { registry = "https://pypi.org/simple" }
sdist = { url = "https://files.pythonhosted.org/packages/38/61/0b9ae6399dd4a58d8c1b1dc5a27d6f2808023d0b5dd3104bb99f45a33ff6/argcomplete-3.6.3.tar.gz", hash = "sha256:62e8ed4fd6a45864acc8235409461b72c9a28ee785a2011cc5eb78318786c89c", size = 73754 }
wheels = [
    { url = "https://files.pythonhosted.org/packages/74/f5/9373290775639cb67a2fce7f629a1c240dce9f12fe927bc32b2736e16dfc/argcomplete-3.6.3-py3-none-any.whl", hash = "sha256:f5007b3a600ccac5d25bbce33089211dfd49eab4a7718da3f10e3082525a92ce", size = 43846 },
]

[[package]]
name = "awscrt"
version = "0.31.3"
source = { registry = "https://pypi.org/simple" }
sdist = { url = "https://files.pythonhosted.org/packages/3d/e7/354b811e17c0dc8641209446d39306667a34a5158fc8b2fb03333d1cb1a3/awscrt-0.31.3.tar.gz", hash = "sha256:16cc0380eef073a2e37eff01a98f3f2108ead6dbb4a919d40f656db0d8ad4b71", size = 37009378 }
wheels = [
    { url = "https://files.pythonhosted.org/packages/ba/87/7f0d9fe47c159c23dc5626d4108db5b049aabe63edd65246ecd70360de84/awscrt-0.31.3-cp311-abi3-macosx_10_15_universal2.whl", hash = "sha256:e6d5e8194b59056399c8ab4950c9828b292a9388f67994e4332bca1351d4f7bf", size = 3386153 },
    { url = "https://files.pythonhosted.org/packages/e9/44/7fe9b45c64a846a0d7d64d0ba0b34d677affd19455033774ada4c8fb2650/awscrt-0.31.3-cp311-abi3-manylinux2014_aarch64.manylinux_2_17_aarch64.whl", hash = "sha256:f1ca6752bf3e4069fd425a8914da7b892f38c9104afe67616bcb6799aa5fe997", size = 3886620 },
    { url = "https://files.pythonhosted.org/packages/cd/b1/df8d07884052983c3689cfd7cda0eecd7a61dced5386e13b41e3b6639fa9/awscrt-0.31.3-cp311-abi3-manylinux2014_x86_64.manylinux_2_17_x86_64.whl", hash = "sha256:5715a2be6459a2b170d6a615ab2ec652e1ab328b5aacc0d82d96f2aab314effb", size = 4172306 },
    { url = "https://files.pythonhosted.org/packages/52/69/33c2db0b13468d251ce2f7c6d499862134d6dd96dbbac615720d4268935e/awscrt-0.31.3-cp311-abi3-musllinux_1_1_aarch64.whl", hash = "sha256:6ebf398ba89b1dd221366468d28278f8c9b591842824e3550f74a9b4ef66ff38", size = 3793591 },
    { url = "https://files.pythonhosted.org/packages/65/08/cac1ea28aea6f636269c351fb448b8668d1752b384e9b4c2b563734bd821/awscrt-0.31.3-cp311-abi3-musllinux_1_1_x86_64.whl", hash = "sha256:068ffaed4d9bec233dc95cda461e0360b16a6d0728060f42be9738c4cfef4ca5", size = 4033526 },
    { url = "https://files.pythonhosted.org/packages/88/c6/eb7827a1267da1ffb5aecbec05c5ded4f9e1f22f32a79889fbe8d034a05d/awscrt-0.31.3-cp311-abi3-win32.whl", hash = "sha256:7b3a5a27a81e73f77daff82a6318821af14656e4e58c4eded60ef39fabdba578", size = 4031596 },
    { url = "https://files.pythonhosted.org/packages/95/33/b8fe822f2a930a578d5c2b385782c62dd875dbdad52a9556a2de28d09e99/awscrt-0.31.3-cp311-abi3-win_amd64.whl", hash = "sha256:68154ba9b6017efcdd1f4f536547e9c172010168a84b5711b40f7a6d6ed1f673", size = 4192788 },
    { url = "https://files.pythonhosted.org/packages/9c/c2/6ddf9dcb9b1c76a205b9512708846442a1be22300ea1b98276216f6b9c85/awscrt-0.31.3-cp313-abi3-macosx_10_15_universal2.whl", hash = "sha256:d44f2d7369066598514129e31436f6c2f29b22e2053e74a4610c3ba2ca9b116d", size = 3385003 },
    { url = "https://files.pythonhosted.org/packages/20/ec/d5ded684dc341b7488ec372bb7527021220f1b573741cd09a75b7828f3f0/awscrt-0.31.3-cp313-abi3-manylinux2014_aarch64.manylinux_2_17_aarch64.whl", hash = "sha256:28162778ca16c9f724a6bd5d630158addbda12fa1f68ddc9738e43a9c11953f2", size = 3878996 },
    { url = "https://files.pythonhosted.org/packages/87/eb/dd03e0d033167376406e73234e218f350f5f8057c0a7652a4d9bfd30a9a7/awscrt-0.31.3-cp313-abi3-manylinux2014_x86_64.manylinux_2_17_x86_64.whl", hash = "sha256:ba2ae15b9e5f57e5bf015be20f319549a2c29a759e3e215e26605fddec8c39a2", size = 4167264 },
    { url = "https://files.pythonhosted.org/packages/29/db/fe9e05f801b8a82d890c7946509abec9c2ae1720b28128509295b38fd00a/awscrt-0.31.3-cp313-abi3-musllinux_1_1_aarch64.whl", hash = "sha256:54542fa12d23dfa7cda6926a263312c0ed09dd3b40d6810120682896a92be41a", size = 3784690 },
    { url = "https://files.pythonhosted.org/packages/82/b8/cfcf4a9127c8911995e61c4de858e287a6fdc317aef9465c532d5dde746a/awscrt-0.31.3-cp313-abi3-musllinux_1_1_x86_64.whl", hash = "sha256:0338610ad0947fad13ccefcce3381bc5277911907f2f3d39d0a5a2700de498e7", size = 4028155 },
    { url = "https://files.pythonhosted.org/packages/95/fc/ddcf9de13ca8e8e50c80802585763f667b53d1dea84890a7f381c9d764ff/awscrt-0.31.3-cp313-abi3-win32.whl", hash = "sha256:2ac703f6625b7e92bae55a85b36b14bf880900e7a12da795381a361450679d6d", size = 4029919 },
    { url = "https://files.pythonhosted.org/packages/14/16/4e6a694132ce0606979d45cb437d6295cd561cba4c6e25292cca4adc5725/awscrt-0.31.3-cp313-abi3-win_amd64.whl", hash = "sha256:25e42d5058363a9a5f3906de30b5f225d774d82731b3d1c74c653708a106347d", size = 4187123 },
]

[[package]]
name = "certifi"
version = "2026.2.25"
source = { registry = "https://pypi.org/simple" }
sdist = { url = "https://files.pythonhosted.org/packages/af/2d/7bf41579a8986e348fa033a31cdd0e4121114f6bce2457e8876010b092dd/certifi-2026.2.25.tar.gz", hash = "sha256:e887ab5cee78ea814d3472169153c2d12cd43b14bd03329a39a9c6e2e80bfba7", size = 155029 }
wheels = [
    { url = "https://files.pythonhosted.org/packages/9a/3c/c17fb3ca2d9c3acff52e30b309f538586f9f5b9c9cf454f3845fc9af4881/certifi-2026.2.25-py3-none-any.whl", hash = "sha256:027692e4402ad994f1c42e52a4997a9763c646b73e4096e4d5d6db8af1d6f0fa", size = 153684 },
]

[[package]]
name = "colorama"
version = "0.4.6"
source = { registry = "https://pypi.org/simple" }
sdist = { url = "https://files.pythonhosted.org/packages/d8/53/6f443c9a4a8358a93a6792e2acffb9d9d5cb0a5cfd8802644b7b1c9a02e4/colorama-0.4.6.tar.gz", hash = "sha256:08695f5cb7ed6e0531a20572697297273c47b8cae5a63ffc6d6ed5c201be6e44", size = 27697 }
wheels = [
    { url = "https://files.pythonhosted.org/packages/d1/d6/3965ed04c63042e047cb6a3e6ed1a63a35087b6a609aa3a15ed8ac56c221/colorama-0.4.6-py2.py3-none-any.whl", hash = "sha256:4f1d9991f5acc0ca119f9d443620b77f9d6b33703e51011c16baf57afb285fc6", size = 25335 },
]

[[package]]
name = "crc32c"
version = "2.8"
source = { registry = "https://pypi.org/simple" }
sdist = { url = "https://files.pythonhosted.org/packages/e3/66/7e97aa77af7cf6afbff26e3651b564fe41932599bc2d3dce0b2f73d4829a/crc32c-2.8.tar.gz", hash = "sha256:578728964e59c47c356aeeedee6220e021e124b9d3e8631d95d9a5e5f06e261c", size = 48179 }
wheels = [
    { url = "https://files.pythonhosted.org/packages/dc/0b/5e03b22d913698e9cc563f39b9f6bbd508606bf6b8e9122cd6bf196b87ea/crc32c-2.8-cp311-cp311-macosx_10_9_universal2.whl", hash = "sha256:e560a97fbb96c9897cb1d9b5076ef12fc12e2e25622530a1afd0de4240f17e1f", size = 66329 },
    { url = "https://files.pythonhosted.org/packages/6b/38/2fe0051ffe8c6a650c8b1ac0da31b8802d1dbe5fa40a84e4b6b6f5583db5/crc32c-2.8-cp311-cp311-macosx_10_9_x86_64.whl", hash = "sha256:6762d276d90331a490ef7e71ffee53b9c0eb053bd75a272d786f3b08d3fe3671", size = 62988 },
    { url = "https://files.pythonhosted.org/packages/3e/30/5837a71c014be83aba1469c58820d287fc836512a0cad6b8fdd43868accd/crc32c-2.8-cp311-cp311-macosx_11_0_arm64.whl", hash = "sha256:60670569f5ede91e39f48fb0cb4060e05b8d8704dd9e17ede930bf441b2f73ef", size = 61522 },
    { url = "https://files.pythonhosted.org/packages/ca/29/63972fc1452778e2092ae998c50cbfc2fc93e3fa9798a0278650cd6169c5/crc32c-2.8-cp311-cp311-manylinux1_x86_64.manylinux_2_28_x86_64.manylinux_2_5_x86_64.whl", hash = "sha256:711743da6ccc70b3c6718c328947b0b6f34a1fe6a6c27cc6c1d69cc226bf70e9", size = 80200 },
    { url = "https://files.pythonhosted.org/packages/cb/3a/60eb49d7bdada4122b3ffd45b0df54bdc1b8dd092cda4b069a287bdfcff4/crc32c-2.8-cp311-cp311-manylinux2014_aarch64.manylinux_2_17_aarch64.manylinux_2_28_aarch64.whl", hash = "sha256:5eb4094a2054774f13b26f21bf56792bb44fa1fcee6c6ad099387a43ffbfb4fa", size = 81757 },
    { url = "https://files.pythonhosted.org/packages/f5/63/6efc1b64429ef7d23bd58b75b7ac24d15df327e3ebbe9c247a0f7b1c2ed1/crc32c-2.8-cp311-cp311-musllinux_1_2_aarch64.whl", hash = "sha256:fff15bf2bd3e95780516baae935ed12be88deaa5ebe6143c53eb0d26a7bdc7b7", size = 80830 },
    { url = "https://files.pythonhosted.org/packages/e1/eb/0ae9f436f8004f1c88f7429e659a7218a3879bd11a6b18ed1257aad7e98b/crc32c-2.8-cp311-cp311-musllinux_1_2_x86_64.whl", hash = "sha256:4c0e11e3826668121fa53e0745635baf5e4f0ded437e8ff63ea56f38fc4f970a", size = 80095 },
    { url = "https://files.pythonhosted.org/packages/9e/81/4afc9d468977a4cd94a2eb62908553345009a7c0d30e74463a15d4b48ec3/crc32c-2.8-cp311-cp311-win32.whl", hash = "sha256:38f915336715d1f1353ab07d7d786f8a789b119e273aea106ba55355dfc9101d", size = 64886 },
    { url = "https://files.pythonhosted.org/packages/d6/e8/94e839c9f7e767bf8479046a207afd440a08f5c59b52586e1af5e64fa4a0/crc32c-2.8-cp311-cp311-win_amd64.whl", hash = "sha256:60e0a765b1caab8d31b2ea80840639253906a9351d4b861551c8c8625ea20f86", size = 66639 },
    { url = "https://files.pythonhosted.org/packages/b6/36/fd18ef23c42926b79c7003e16cb0f79043b5b179c633521343d3b499e996/crc32c-2.8-cp312-cp312-macosx_10_13_universal2.whl", hash = "sha256:572ffb1b78cce3d88e8d4143e154d31044a44be42cb3f6fbbf77f1e7a941c5ab", size = 66379 },
    { url = "https://files.pythonhosted.org/packages/7f/b8/c584958e53f7798dd358f5bdb1bbfc97483134f053ee399d3eeb26cca075/crc32c-2.8-cp312-cp312-macosx_10_13_x86_64.whl", hash = "sha256:cf827b3758ee0c4aacd21ceca0e2da83681f10295c38a10bfeb105f7d98f7a68", size = 63042 },
    { url = "https://files.pythonhosted.org/packages/62/e6/6f2af0ec64a668a46c861e5bc778ea3ee42171fedfc5440f791f470fd783/crc32c-2.8-cp312-cp312-macosx_11_0_arm64.whl", hash = "sha256:106fbd79013e06fa92bc3b51031694fcc1249811ed4364ef1554ee3dd2c7f5a2", size = 61528 },
    { url = "https://files.pythonhosted.org/packages/17/8b/4a04bd80a024f1a23978f19ae99407783e06549e361ab56e9c08bba3c1d3/crc32c-2.8-cp312-cp312-manylinux1_x86_64.manylinux_2_28_x86_64.manylinux_2_5_x86_64.whl", hash = "sha256:6dde035f91ffbfe23163e68605ee5a4bb8ceebd71ed54bb1fb1d0526cdd125a2", size = 80028 },
    { url = "https://files.pythonhosted.org/packages/21/8f/01c7afdc76ac2007d0e6a98e7300b4470b170480f8188475b597d1f4b4c6/crc32c-2.8-cp312-cp312-manylinux2014_aarch64.manylinux_2_17_aarch64.manylinux_2_28_aarch64.whl", hash = "sha256:e41ebe7c2f0fdcd9f3a3fd206989a36b460b4d3f24816d53e5be6c7dba72c5e1", size = 81531 },
    { url = "https://files.pythonhosted.org/packages/32/2b/8f78c5a8cc66486be5f51b6f038fc347c3ba748d3ea68be17a014283c331/crc32c-2.8-cp312-cp312-musllinux_1_2_aarch64.whl", hash = "sha256:ecf66cf90266d9c15cea597d5cc86c01917cd1a238dc3c51420c7886fa750d7e", size = 80608 },
    { url = "https://files.pythonhosted.org/packages/db/86/fad1a94cdeeeb6b6e2323c87f970186e74bfd6fbfbc247bf5c88ad0873d5/crc32c-2.8-cp312-cp312-musllinux_1_2_x86_64.whl", hash = "sha256:59eee5f3a69ad0793d5fa9cdc9b9d743b0cd50edf7fccc0a3988a821fef0208c", size = 79886 },
    { url = "https://files.pythonhosted.org/packages/d5/db/1a7cb6757a1e32376fa2dfce00c815ea4ee614a94f9bff8228e37420c183/crc32c-2.8-cp312-cp312-win32.whl", hash = "sha256:a73d03ce3604aa5d7a2698e9057a0eef69f529c46497b27ee1c38158e90ceb76", size = 64896 },
    { url = "https://files.pythonhosted.org/packages/bf/8e/2024de34399b2e401a37dcb54b224b56c747b0dc46de4966886827b4d370/crc32c-2.8-cp312-cp312-win_amd64.whl", hash = "sha256:56b3b7d015247962cf58186e06d18c3d75a1a63d709d3233509e1c50a2d36aa2", size = 66645 },
    { url = "https://files.pythonhosted.org/packages/e8/d8/3ae227890b3be40955a7144106ef4dd97d6123a82c2a5310cdab58ca49d8/crc32c-2.8-cp313-cp313-macosx_10_13_universal2.whl", hash = "sha256:36f1e03ee9e9c6938e67d3bcb60e36f260170aa5f37da1185e04ef37b56af395", size = 66380 },
    { url = "https://files.pythonhosted.org/packages/bd/8b/178d3f987cd0e049b484615512d3f91f3d2caeeb8ff336bb5896ae317438/crc32c-2.8-cp313-cp313-macosx_10_13_x86_64.whl", hash = "sha256:b2f3226b94b85a8dd9b3533601d7a63e9e3e8edf03a8a169830ee8303a199aeb", size = 63048 },
    { url = "https://files.pythonhosted.org/packages/f2/a1/48145ae2545ebc0169d3283ebe882da580ea4606bfb67cf4ca922ac3cfc3/crc32c-2.8-cp313-cp313-macosx_11_0_arm64.whl", hash = "sha256:6e08628bc72d5b6bc8e0730e8f142194b610e780a98c58cb6698e665cb885a5b", size = 61530 },
    { url = "https://files.pythonhosted.org/packages/06/4b/cf05ed9d934cc30e5ae22f97c8272face420a476090e736615d9a6b53de0/crc32c-2.8-cp313-cp313-manylinux1_x86_64.manylinux_2_28_x86_64.manylinux_2_5_x86_64.whl", hash = "sha256:086f64793c5ec856d1ab31a026d52ad2b895ac83d7a38fce557d74eb857f0a82", size = 80001 },
    { url = "https://files.pythonhosted.org/packages/15/ab/4b04801739faf36345f6ba1920be5b1c70282fec52f8280afd3613fb13e2/crc32c-2.8-cp313-cp313-manylinux2014_aarch64.manylinux_2_17_aarch64.manylinux_2_28_aarch64.whl", hash = "sha256:bcf72ee7e0135b3d941c34bb2c26c3fc6bc207106b49fd89aaafaeae223ae209", size = 81543 },
    { url = "https://files.pythonhosted.org/packages/a9/1b/6e38dde5bfd2ea69b7f2ab6ec229fcd972a53d39e2db4efe75c0ac0382ce/crc32c-2.8-cp313-cp313-musllinux_1_2_aarch64.whl", hash = "sha256:8a717dd9c3fd777d9bc6603717eae172887d402c4ab589d124ebd0184a83f89e", size = 80644 },
    { url = "https://files.pythonhosted.org/packages/ce/45/012176ffee90059ae8ec7131019c71724ea472aa63e72c0c8edbd1fad1d7/crc32c-2.8-cp313-cp313-musllinux_1_2_x86_64.whl", hash = "sha256:0450bb845b3c3c7b9bdc0b4e95620ec9a40824abdc8c86d6285c919a90743c1a", size = 79919 },
    { url = "https://files.pythonhosted.org/packages/f0/2b/f557629842f9dec2b3461cb3a0d854bb586ec45b814cea58b082c32f0dde/crc32c-2.8-cp313-cp313-win32.whl", hash = "sha256:765d220bfcbcffa6598ac11eb1e10af0ee4802b49fe126aa6bf79f8ddb9931d1", size = 64896 },
    { url = "https://files.pythonhosted.org/packages/d0/db/fd0f698c15d1e21d47c64181a98290665a08fcbb3940cd559e9c15bda57e/crc32c-2.8-cp313-cp313-win_amd64.whl", hash = "sha256:171ff0260d112c62abcce29332986950a57bddee514e0a2418bfde493ea06bb3", size = 66646 },
    { url = "https://files.pythonhosted.org/packages/db/b9/8e5d7054fe8e7eecab10fd0c8e7ffb01439417bdb6de1d66a81c38fc4a20/crc32c-2.8-cp313-cp313t-macosx_10_13_universal2.whl", hash = "sha256:b977a32a3708d6f51703c8557008f190aaa434d7347431efb0e86fcbe78c2a50", size = 66203 },
    { url = "https://files.pythonhosted.org/packages/55/5f/cc926c70057a63cc0c98a3c8a896eb15fc7e74d3034eadd53c94917c6cc3/crc32c-2.8-cp313-cp313t-macosx_10_13_x86_64.whl", hash = "sha256:7399b01db4adaf41da2fb36fe2408e75a8d82a179a9564ed7619412e427b26d6", size = 62956 },
    { url = "https://files.pythonhosted.org/packages/a1/8a/0660c44a2dd2cb6ccbb529eb363b9280f5c766f1017bc8355ed8d695bd94/crc32c-2.8-cp313-cp313t-macosx_11_0_arm64.whl", hash = "sha256:4379f73f9cdad31958a673d11a332ec725ca71572401ca865867229f5f15e853", size = 61442 },
    { url = "https://files.pythonhosted.org/packages/f5/5a/6108d2dfc0fe33522ce83ba07aed4b22014911b387afa228808a278e27cd/crc32c-2.8-cp313-cp313t-manylinux1_x86_64.manylinux_2_28_x86_64.manylinux_2_5_x86_64.whl", hash = "sha256:2e68264555fab19bab08331550dab58573e351a63ed79c869d455edd3b0aa417", size = 79109 },
    { url = "https://files.pythonhosted.org/packages/84/1e/c054f9e390090c197abf3d2936f4f9effaf0c6ee14569ae03d6ddf86958a/crc32c-2.8-cp313-cp313t-manylinux2014_aarch64.manylinux_2_17_aarch64.manylinux_2_28_aarch64.whl", hash = "sha256:b48f2486727b8d0e7ccbae4a34cb0300498433d2a9d6b49cb13cb57c2e3f19cb", size = 80987 },
    { url = "https://files.pythonhosted.org/packages/c8/ad/1650e5c3341e4a485f800ea83116d72965030c5d48ccc168fcc685756e4d/crc32c-2.8-cp313-cp313t-musllinux_1_2_aarch64.whl", hash = "sha256:ecf123348934a086df8c8fde7f9f2d716d523ca0707c5a1367b8bb00d8134823", size = 79994 },
    { url = "https://files.pythonhosted.org/packages/d7/3b/f2ed924b177729cbb2ab30ca2902abff653c31d48c95e7b66717a9ca9fcc/crc32c-2.8-cp313-cp313t-musllinux_1_2_x86_64.whl", hash = "sha256:e636ac60f76de538f7a2c0d0f3abf43104ee83a8f5e516f6345dc283ed1a4df7", size = 79046 },
    { url = "https://files.pythonhosted.org/packages/4b/80/413b05ee6ace613208b31b3670c3135ee1cf451f0e72a9c839b4946acc04/crc32c-2.8-cp313-cp313t-win32.whl", hash = "sha256:8dd4a19505e0253892e1b2f1425cc3bd47f79ae5a04cb8800315d00aad7197f2", size = 64837 },
    { url = "https://files.pythonhosted.org/packages/3b/1b/85eddb6ac5b38496c4e35c20298aae627970c88c3c624a22ab33e84f16c7/crc32c-2.8-cp313-cp313t-win_amd64.whl", hash = "sha256:4bb18e4bd98fb266596523ffc6be9c5b2387b2fa4e505ec56ca36336f49cb639", size = 66574 },
    { url = "https://files.pythonhosted.org/packages/aa/df/50e9079b532ff53dbfc0e66eed781374bd455af02ed5df8b56ad538de4ff/crc32c-2.8-cp314-cp314-macosx_10_13_universal2.whl", hash = "sha256:3a3b2e4bcf7b3ee333050e7d3ff38e2ba46ea205f1d73d8949b248aaffe937ac", size = 66399 },
    { url = "https://files.pythonhosted.org/packages/5a/2e/67e3b0bc3d30e46ea5d16365cc81203286387671e22f2307eb41f19abb9c/crc32c-2.8-cp314-cp314-macosx_10_13_x86_64.whl", hash = "sha256:445e559e66dff16be54f8a4ef95aa6b01db799a639956d995c5498ba513fccc2", size = 63044 },
    { url = "https://files.pythonhosted.org/packages/36/ea/1723b17437e4344ed8d067456382ecb1f5b535d83fdc5aaebab676c6d273/crc32c-2.8-cp314-cp314-macosx_11_0_arm64.whl", hash = "sha256:bf3040919e17afa5782e01b1875d6a05f44b8f19c05f211d8b9f8a1deb8bbd9c", size = 61541 },
    { url = "https://files.pythonhosted.org/packages/4c/6a/cbec8a235c5b46a01f319939b538958662159aec0ed3a74944e3a6de21f1/crc32c-2.8-cp314-cp314-manylinux1_x86_64.manylinux_2_28_x86_64.manylinux_2_5_x86_64.whl", hash = "sha256:5607ab8221e1ffd411f64aa40dbb6850cf06dd2908c9debd05d371e1acf62ff3", size = 80139 },
    { url = "https://files.pythonhosted.org/packages/21/31/d096722fe74b692d6e8206c27da1ea5f6b2a12ff92c54a62a6ba2f376254/crc32c-2.8-cp314-cp314-manylinux2014_aarch64.manylinux_2_17_aarch64.manylinux_2_28_aarch64.whl", hash = "sha256:c7f5db4f16816926986d3c94253314920689706ae13a9bf4888b47336c6735ce", size = 81736 },
    { url = "https://files.pythonhosted.org/packages/f6/a2/f75ef716ff7e3c22f385ba6ef30c5de80c19a21ebe699dc90824a1903275/crc32c-2.8-cp314-cp314-musllinux_1_2_aarch64.whl", hash = "sha256:70b0153c4d418b673309d3529334d117e1074c4a3b2d7f676e430d72c14de67b", size = 80795 },
    { url = "https://files.pythonhosted.org/packages/d8/94/6d647a12d96ab087d9b8eacee3da073f981987827d57c7072f89ffc7b6cd/crc32c-2.8-cp314-cp314-musllinux_1_2_x86_64.whl", hash = "sha256:5c8933531442042438753755a5c8a9034e4d88b01da9eb796f7e151b31a7256c", size = 80042 },
    { url = "https://files.pythonhosted.org/packages/cd/dc/32b8896b40a0afee7a3c040536d0da5a73e68df2be9fadd21770fd158e16/crc32c-2.8-cp314-cp314-win32.whl", hash = "sha256:cdc83a3fe6c4e5df9457294cfd643de7d95bd4e9382c1dd6ed1e0f0f9169172c", size = 64914 },
    { url = "https://files.pythonhosted.org/packages/f2/b4/4308b27d307e8ecaf8dd1dcc63bbb0e47ae1826d93faa3e62d1ee00ee2d5/crc32c-2.8-cp314-cp314-win_amd64.whl", hash = "sha256:509e10035106df66770fe24b9eb8d9e32b6fb967df17744402fb67772d8b2bc7", size = 66723 },
    { url = "https://files.pythonhosted.org/packages/90/d5/a19d2489fa997a143bfbbf971a5c9a43f8b1ba9e775b1fb362d8fb15260c/crc32c-2.8-cp314-cp314t-macosx_10_13_universal2.whl", hash = "sha256:864359a39777a07b09b28eb31337c0cc603d5c1bf0fc328c3af736a8da624ec0", size = 66201 },
    { url = "https://files.pythonhosted.org/packages/98/c2/5f82f22d2c1242cb6f6fe92aa9a42991ebea86de994b8f9974d9c1d128e2/crc32c-2.8-cp314-cp314t-macosx_10_13_x86_64.whl", hash = "sha256:14511d7cfc5d9f5e1a6c6b64caa6225c2bdc1ed00d725e9a374a3e84073ce180", size = 62956 },
    { url = "https://files.pythonhosted.org/packages/9b/61/3d43d33489cf974fb78bfb3500845770e139ae6d1d83473b660bd8f79a6c/crc32c-2.8-cp314-cp314t-macosx_11_0_arm64.whl", hash = "sha256:918b7999b52b5dcbcea34081e9a02d46917d571921a3f209956a9a429b2e06e5", size = 61443 },
    { url = "https://files.pythonhosted.org/packages/52/6d/f306ce64a352a3002f76b0fc88a1373f4541f9d34fad3668688610bab14b/crc32c-2.8-cp314-cp314t-manylinux1_x86_64.manylinux_2_28_x86_64.manylinux_2_5_x86_64.whl", hash = "sha256:cc445da03fc012a5a03b71da1df1b40139729e6a5571fd4215ab40bfb39689c7", size = 79106 },
    { url = "https://files.pythonhosted.org/packages/a5/b7/1f74965dd7ea762954a69d172dfb3a706049c84ffa45d31401d010a4a126/crc32c-2.8-cp314-cp314t-manylinux2014_aarch64.manylinux_2_17_aarch64.manylinux_2_28_aarch64.whl", hash = "sha256:1e3dde2ec59a8a830511d72a086ead95c0b0b7f0d418f93ea106244c5e77e350", size = 80983 },
    { url = "https://files.pythonhosted.org/packages/1b/50/af93f0d91ccd61833ce77374ebfbd16f5805f5c17d18c6470976d9866d76/crc32c-2.8-cp314-cp314t-musllinux_1_2_aarch64.whl", hash = "sha256:61d51681a08b6a2a2e771b7f0cd1947fb87cb28f38ed55a01cb7c40b2ac4cdd8", size = 80009 },
    { url = "https://files.pythonhosted.org/packages/ee/fa/94f394beb68a88258af694dab2f1284f55a406b615d7900bdd6235283bc4/crc32c-2.8-cp314-cp314t-musllinux_1_2_x86_64.whl", hash = "sha256:67c0716c3b1a02d5235be649487b637eed21f2d070f2b3f63f709dcd2fefb4c7", size = 79066 },
    { url = "https://files.pythonhosted.org/packages/91/c6/a6050e0c64fd73c67a97da96cb59f08b05111e00b958fb87ecdce99f17ac/crc32c-2.8-cp314-cp314t-win32.whl", hash = "sha256:2e8fe863fbbd8bdb6b414a2090f1b0f52106e76e9a9c96a413495dbe5ebe492a", size = 64869 },
    { url = "https://files.pythonhosted.org/packages/08/1f/c7735034e401cb1ea14f996a224518e3a3fa9987cb13680e707328a7d779/crc32c-2.8-cp314-cp314t-win_amd64.whl", hash = "sha256:20a9cfb897693eb6da19e52e2a7be2026fd4d9fc8ae318f086c0d71d5dd2d8e0", size = 66633 },
    { url = "https://files.pythonhosted.org/packages/a7/1d/dd926c68eb8aac8b142a1a10b8eb62d95212c1cf81775644373fe7cceac2/crc32c-2.8-pp311-pypy311_pp73-macosx_10_15_x86_64.whl", hash = "sha256:5833f4071da7ea182c514ba17d1eee8aec3c5be927d798222fbfbbd0f5eea02c", size = 62345 },
    { url = "https://files.pythonhosted.org/packages/51/be/803404e5abea2ef2c15042edca04bbb7f625044cca879e47f186b43887c2/crc32c-2.8-pp311-pypy311_pp73-macosx_11_0_arm64.whl", hash = "sha256:1dc4da036126ac07b39dd9d03e93e585ec615a2ad28ff12757aef7de175295a8", size = 61229 },
    { url = "https://files.pythonhosted.org/packages/fc/3a/00cc578cd27ed0b22c9be25cef2c24539d92df9fa80ebd67a3fc5419724c/crc32c-2.8-pp311-pypy311_pp73-manylinux1_x86_64.manylinux_2_28_x86_64.manylinux_2_5_x86_64.whl", hash = "sha256:15905fa78344654e241371c47e6ed2411f9eeb2b8095311c68c88eccf541e8b4", size = 64108 },
    { url = "https://files.pythonhosted.org/packages/6b/bc/0587ef99a1c7629f95dd0c9d4f3d894de383a0df85831eb16c48a6afdae4/crc32c-2.8-pp311-pypy311_pp73-manylinux2014_aarch64.manylinux_2_17_aarch64.manylinux_2_28_aarch64.whl", hash = "sha256:c596f918688821f796434e89b431b1698396c38bf0b56de873621528fe3ecb1e", size = 64815 },
    { url = "https://files.pythonhosted.org/packages/73/42/94f2b8b92eae9064fcfb8deef2b971514065bd606231f8857ff8ae02bebd/crc32c-2.8-pp311-pypy311_pp73-win_amd64.whl", hash = "sha256:8d23c4fe01b3844cb6e091044bc1cebdef7d16472e058ce12d9fadf10d2614af", size = 66659 },
]

[[package]]
name = "dxpy"
version = "0.407.0"
source = { registry = "https://pypi.org/simple" }
dependencies = [
    { name = "argcomplete" },
    { name = "awscrt" },
    { name = "certifi" },
    { name = "colorama", marker = "sys_platform == 'win32'" },
    { name = "crc32c" },
    { name = "psutil" },
    { name = "pyreadline3", marker = "sys_platform == 'win32'" },
    { name = "python-dateutil" },
    { name = "urllib3" },
    { name = "websocket-client" },
]
sdist = { url = "https://files.pythonhosted.org/packages/69/8f/2e4a39579c890fef8e92d311a87149a3eeaa9187281fb79f5a0b0ca31c12/dxpy-0.407.0.tar.gz", hash = "sha256:cf90e1030e5a4868e7013fbbb28d760cdade72219e6b72319c2dcac5a9e701ac", size = 627422 }

[[package]]
name = "fine-mapping-wdl"
version = "0.1.0"
source = { virtual = "." }
dependencies = [
    { name = "dxpy" },
    { name = "pyyaml" },
]

[package.metadata]
requires-dist = [
    { name = "dxpy", specifier = ">=0.407.0" },
    { name = "pyyaml", specifier = ">=6.0.2" },
]

[[package]]
name = "psutil"
version = "7.2.2"
source = { registry = "https://pypi.org/simple" }
sdist = { url = "https://files.pythonhosted.org/packages/aa/c6/d1ddf4abb55e93cebc4f2ed8b5d6dbad109ecb8d63748dd2b20ab5e57ebe/psutil-7.2.2.tar.gz", hash = "sha256:0746f5f8d406af344fd547f1c8daa5f5c33dbc293bb8d6a16d80b4bb88f59372", size = 493740 }
wheels = [
    { url = "https://files.pythonhosted.org/packages/51/08/510cbdb69c25a96f4ae523f733cdc963ae654904e8db864c07585ef99875/psutil-7.2.2-cp313-cp313t-macosx_10_13_x86_64.whl", hash = "sha256:2edccc433cbfa046b980b0df0171cd25bcaeb3a68fe9022db0979e7aa74a826b", size = 130595 },
    { url = "https://files.pythonhosted.org/packages/d6/f5/97baea3fe7a5a9af7436301f85490905379b1c6f2dd51fe3ecf24b4c5fbf/psutil-7.2.2-cp313-cp313t-macosx_11_0_arm64.whl", hash = "sha256:e78c8603dcd9a04c7364f1a3e670cea95d51ee865e4efb3556a3a63adef958ea", size = 131082 },
    { url = "https://files.pythonhosted.org/packages/37/d6/246513fbf9fa174af531f28412297dd05241d97a75911ac8febefa1a53c6/psutil-7.2.2-cp313-cp313t-manylinux2010_x86_64.manylinux_2_12_x86_64.manylinux_2_28_x86_64.whl", hash = "sha256:1a571f2330c966c62aeda00dd24620425d4b0cc86881c89861fbc04549e5dc63", size = 181476 },
    { url = "https://files.pythonhosted.org/packages/b8/b5/9182c9af3836cca61696dabe4fd1304e17bc56cb62f17439e1154f225dd3/psutil-7.2.2-cp313-cp313t-manylinux2014_aarch64.manylinux_2_17_aarch64.manylinux_2_28_aarch64.whl", hash = "sha256:917e891983ca3c1887b4ef36447b1e0873e70c933afc831c6b6da078ba474312", size = 184062 },
    { url = "https://files.pythonhosted.org/packages/16/ba/0756dca669f5a9300d0cbcbfae9a4c30e446dfc7440ffe43ded5724bfd93/psutil-7.2.2-cp313-cp313t-win_amd64.whl", hash = "sha256:ab486563df44c17f5173621c7b198955bd6b613fb87c71c161f827d3fb149a9b", size = 139893 },
    { url = "https://files.pythonhosted.org/packages/1c/61/8fa0e26f33623b49949346de05ec1ddaad02ed8ba64af45f40a147dbfa97/psutil-7.2.2-cp313-cp313t-win_arm64.whl", hash = "sha256:ae0aefdd8796a7737eccea863f80f81e468a1e4cf14d926bd9b6f5f2d5f90ca9", size = 135589 },
    { url = "https://files.pythonhosted.org/packages/81/69/ef179ab5ca24f32acc1dac0c247fd6a13b501fd5534dbae0e05a1c48b66d/psutil-7.2.2-cp314-cp314t-macosx_10_15_x86_64.whl", hash = "sha256:eed63d3b4d62449571547b60578c5b2c4bcccc5387148db46e0c2313dad0ee00", size = 130664 },
    { url = "https://files.pythonhosted.org/packages/7b/64/665248b557a236d3fa9efc378d60d95ef56dd0a490c2cd37dafc7660d4a9/psutil-7.2.2-cp314-cp314t-macosx_11_0_arm64.whl", hash = "sha256:7b6d09433a10592ce39b13d7be5a54fbac1d1228ed29abc880fb23df7cb694c9", size = 131087 },
    { url = "https://files.pythonhosted.org/packages/d5/2e/e6782744700d6759ebce3043dcfa661fb61e2fb752b91cdeae9af12c2178/psutil-7.2.2-cp314-cp314t-manylinux2010_x86_64.manylinux_2_12_x86_64.manylinux_2_28_x86_64.whl", hash = "sha256:1fa4ecf83bcdf6e6c8f4449aff98eefb5d0604bf88cb883d7da3d8d2d909546a", size = 182383 },
    { url = "https://files.pythonhosted.org/packages/57/49/0a41cefd10cb7505cdc04dab3eacf24c0c2cb158a998b8c7b1d27ee2c1f5/psutil-7.2.2-cp314-cp314t-manylinux2014_aarch64.manylinux_2_17_aarch64.manylinux_2_28_aarch64.whl", hash = "sha256:e452c464a02e7dc7822a05d25db4cde564444a67e58539a00f929c51eddda0cf", size = 185210 },
    { url = "https://files.pythonhosted.org/packages/dd/2c/ff9bfb544f283ba5f83ba725a3c5fec6d6b10b8f27ac1dc641c473dc390d/psutil-7.2.2-cp314-cp314t-win_amd64.whl", hash = "sha256:c7663d4e37f13e884d13994247449e9f8f574bc4655d509c3b95e9ec9e2b9dc1", size = 141228 },
    { url = "https://files.pythonhosted.org/packages/f2/fc/f8d9c31db14fcec13748d373e668bc3bed94d9077dbc17fb0eebc073233c/psutil-7.2.2-cp314-cp314t-win_arm64.whl", hash = "sha256:11fe5a4f613759764e79c65cf11ebdf26e33d6dd34336f8a337aa2996d71c841", size = 136284 },
    { url = "https://files.pythonhosted.org/packages/e7/36/5ee6e05c9bd427237b11b3937ad82bb8ad2752d72c6969314590dd0c2f6e/psutil-7.2.2-cp36-abi3-macosx_10_9_x86_64.whl", hash = "sha256:ed0cace939114f62738d808fdcecd4c869222507e266e574799e9c0faa17d486", size = 129090 },
    { url = "https://files.pythonhosted.org/packages/80/c4/f5af4c1ca8c1eeb2e92ccca14ce8effdeec651d5ab6053c589b074eda6e1/psutil-7.2.2-cp36-abi3-macosx_11_0_arm64.whl", hash = "sha256:1a7b04c10f32cc88ab39cbf606e117fd74721c831c98a27dc04578deb0c16979", size = 129859 },
    { url = "https://files.pythonhosted.org/packages/b5/70/5d8df3b09e25bce090399cf48e452d25c935ab72dad19406c77f4e828045/psutil-7.2.2-cp36-abi3-manylinux2010_x86_64.manylinux_2_12_x86_64.manylinux_2_28_x86_64.whl", hash = "sha256:076a2d2f923fd4821644f5ba89f059523da90dc9014e85f8e45a5774ca5bc6f9", size = 155560 },
    { url = "https://files.pythonhosted.org/packages/63/65/37648c0c158dc222aba51c089eb3bdfa238e621674dc42d48706e639204f/psutil-7.2.2-cp36-abi3-manylinux2014_aarch64.manylinux_2_17_aarch64.manylinux_2_28_aarch64.whl", hash = "sha256:b0726cecd84f9474419d67252add4ac0cd9811b04d61123054b9fb6f57df6e9e", size = 156997 },
    { url = "https://files.pythonhosted.org/packages/8e/13/125093eadae863ce03c6ffdbae9929430d116a246ef69866dad94da3bfbc/psutil-7.2.2-cp36-abi3-musllinux_1_2_aarch64.whl", hash = "sha256:fd04ef36b4a6d599bbdb225dd1d3f51e00105f6d48a28f006da7f9822f2606d8", size = 148972 },
    { url = "https://files.pythonhosted.org/packages/04/78/0acd37ca84ce3ddffaa92ef0f571e073faa6d8ff1f0559ab1272188ea2be/psutil-7.2.2-cp36-abi3-musllinux_1_2_x86_64.whl", hash = "sha256:b58fabe35e80b264a4e3bb23e6b96f9e45a3df7fb7eed419ac0e5947c61e47cc", size = 148266 },
    { url = "https://files.pythonhosted.org/packages/b4/90/e2159492b5426be0c1fef7acba807a03511f97c5f86b3caeda6ad92351a7/psutil-7.2.2-cp37-abi3-win_amd64.whl", hash = "sha256:eb7e81434c8d223ec4a219b5fc1c47d0417b12be7ea866e24fb5ad6e84b3d988", size = 137737 },
    { url = "https://files.pythonhosted.org/packages/8c/c7/7bb2e321574b10df20cbde462a94e2b71d05f9bbda251ef27d104668306a/psutil-7.2.2-cp37-abi3-win_arm64.whl", hash = "sha256:8c233660f575a5a89e6d4cb65d9f938126312bca76d8fe087b947b3a1aaac9ee", size = 134617 },
]

[[package]]
name = "pyreadline3"
version = "3.4.1"
source = { registry = "https://pypi.org/simple" }
sdist = { url = "https://files.pythonhosted.org/packages/d7/86/3d61a61f36a0067874a00cb4dceb9028d34b6060e47828f7fc86fb9f7ee9/pyreadline3-3.4.1.tar.gz", hash = "sha256:6f3d1f7b8a31ba32b73917cefc1f28cc660562f39aea8646d30bd6eff21f7bae", size = 86465 }
wheels = [
    { url = "https://files.pythonhosted.org/packages/56/fc/a3c13ded7b3057680c8ae95a9b6cc83e63657c38e0005c400a5d018a33a7/pyreadline3-3.4.1-py3-none-any.whl", hash = "sha256:b0efb6516fd4fb07b45949053826a62fa4cb353db5be2bbb4a7aa1fdd1e345fb", size = 95203 },
]

[[package]]
name = "python-dateutil"
version = "2.9.0.post0"
source = { registry = "https://pypi.org/simple" }
dependencies = [
    { name = "six" },
]
sdist = { url = "https://files.pythonhosted.org/packages/66/c0/0c8b6ad9f17a802ee498c46e004a0eb49bc148f2fd230864601a86dcf6db/python-dateutil-2.9.0.post0.tar.gz", hash = "sha256:37dd54208da7e1cd875388217d5e00ebd4179249f90fb72437e91a35459a0ad3", size = 342432 }
wheels = [
    { url = "https://files.pythonhosted.org/packages/ec/57/56b9bcc3c9c6a792fcbaf139543cee77261f3651ca9da0c93f5c1221264b/python_dateutil-2.9.0.post0-py2.py3-none-any.whl", hash = "sha256:a8b2bc7bffae282281c8140a97d3aa9c14da0b136dfe83f850eea9a5f7470427", size = 229892 },
]

[[package]]
name = "pyyaml"
version = "6.0.3"
source = { registry = "https://pypi.org/simple" }
sdist = { url = "https://files.pythonhosted.org/packages/05/8e/961c0007c59b8dd7729d542c61a4d537767a59645b82a0b521206e1e25c2/pyyaml-6.0.3.tar.gz", hash = "sha256:d76623373421df22fb4cf8817020cbb7ef15c725b9d5e45f17e189bfc384190f", size = 130960 }
wheels = [
    { url = "https://files.pythonhosted.org/packages/6d/16/a95b6757765b7b031c9374925bb718d55e0a9ba8a1b6a12d25962ea44347/pyyaml-6.0.3-cp311-cp311-macosx_10_13_x86_64.whl", hash = "sha256:44edc647873928551a01e7a563d7452ccdebee747728c1080d881d68af7b997e", size = 185826 },
    { url = "https://files.pythonhosted.org/packages/16/19/13de8e4377ed53079ee996e1ab0a9c33ec2faf808a4647b7b4c0d46dd239/pyyaml-6.0.3-cp311-cp311-macosx_11_0_arm64.whl", hash = "sha256:652cb6edd41e718550aad172851962662ff2681490a8a711af6a4d288dd96824", size = 175577 },
    { url = "https://files.pythonhosted.org/packages/0c/62/d2eb46264d4b157dae1275b573017abec435397aa59cbcdab6fc978a8af4/pyyaml-6.0.3-cp311-cp311-manylinux2014_aarch64.manylinux_2_17_aarch64.manylinux_2_28_aarch64.whl", hash = "sha256:10892704fc220243f5305762e276552a0395f7beb4dbf9b14ec8fd43b57f126c", size = 775556 },
    { url = "https://files.pythonhosted.org/packages/10/cb/16c3f2cf3266edd25aaa00d6c4350381c8b012ed6f5276675b9eba8d9ff4/pyyaml-6.0.3-cp311-cp311-manylinux2014_s390x.manylinux_2_17_s390x.manylinux_2_28_s390x.whl", hash = "sha256:850774a7879607d3a6f50d36d04f00ee69e7fc816450e5f7e58d7f17f1ae5c00", size = 882114 },
    { url = "https://files.pythonhosted.org/packages/71/60/917329f640924b18ff085ab889a11c763e0b573da888e8404ff486657602/pyyaml-6.0.3-cp311-cp311-manylinux2014_x86_64.manylinux_2_17_x86_64.manylinux_2_28_x86_64.whl", hash = "sha256:b8bb0864c5a28024fac8a632c443c87c5aa6f215c0b126c449ae1a150412f31d", size = 806638 },
    { url = "https://files.pythonhosted.org/packages/dd/6f/529b0f316a9fd167281a6c3826b5583e6192dba792dd55e3203d3f8e655a/pyyaml-6.0.3-cp311-cp311-musllinux_1_2_aarch64.whl", hash = "sha256:1d37d57ad971609cf3c53ba6a7e365e40660e3be0e5175fa9f2365a379d6095a", size = 767463 },
    { url = "https://files.pythonhosted.org/packages/f2/6a/b627b4e0c1dd03718543519ffb2f1deea4a1e6d42fbab8021936a4d22589/pyyaml-6.0.3-cp311-cp311-musllinux_1_2_x86_64.whl", hash = "sha256:37503bfbfc9d2c40b344d06b2199cf0e96e97957ab1c1b546fd4f87e53e5d3e4", size = 794986 },
    { url = "https://files.pythonhosted.org/packages/45/91/47a6e1c42d9ee337c4839208f30d9f09caa9f720ec7582917b264defc875/pyyaml-6.0.3-cp311-cp311-win32.whl", hash = "sha256:8098f252adfa6c80ab48096053f512f2321f0b998f98150cea9bd23d83e1467b", size = 142543 },
    { url = "https://files.pythonhosted.org/packages/da/e3/ea007450a105ae919a72393cb06f122f288ef60bba2dc64b26e2646fa315/pyyaml-6.0.3-cp311-cp311-win_amd64.whl", hash = "sha256:9f3bfb4965eb874431221a3ff3fdcddc7e74e3b07799e0e84ca4a0f867d449bf", size = 158763 },
    { url = "https://files.pythonhosted.org/packages/d1/33/422b98d2195232ca1826284a76852ad5a86fe23e31b009c9886b2d0fb8b2/pyyaml-6.0.3-cp312-cp312-macosx_10_13_x86_64.whl", hash = "sha256:7f047e29dcae44602496db43be01ad42fc6f1cc0d8cd6c83d342306c32270196", size = 182063 },
    { url = "https://files.pythonhosted.org/packages/89/a0/6cf41a19a1f2f3feab0e9c0b74134aa2ce6849093d5517a0c550fe37a648/pyyaml-6.0.3-cp312-cp312-macosx_11_0_arm64.whl", hash = "sha256:fc09d0aa354569bc501d4e787133afc08552722d3ab34836a80547331bb5d4a0", size = 173973 },
    { url = "https://files.pythonhosted.org/packages/ed/23/7a778b6bd0b9a8039df8b1b1d80e2e2ad78aa04171592c8a5c43a56a6af4/pyyaml-6.0.3-cp312-cp312-manylinux2014_aarch64.manylinux_2_17_aarch64.manylinux_2_28_aarch64.whl", hash = "sha256:9149cad251584d5fb4981be1ecde53a1ca46c891a79788c0df828d2f166bda28", size = 775116 },
    { url = "https://files.pythonhosted.org/packages/65/30/d7353c338e12baef4ecc1b09e877c1970bd3382789c159b4f89d6a70dc09/pyyaml-6.0.3-cp312-cp312-manylinux2014_s390x.manylinux_2_17_s390x.manylinux_2_28_s390x.whl", hash = "sha256:5fdec68f91a0c6739b380c83b951e2c72ac0197ace422360e6d5a959d8d97b2c", size = 844011 },
    { url = "https://files.pythonhosted.org/packages/8b/9d/b3589d3877982d4f2329302ef98a8026e7f4443c765c46cfecc8858c6b4b/pyyaml-6.0.3-cp312-cp312-manylinux2014_x86_64.manylinux_2_17_x86_64.manylinux_2_28_x86_64.whl", hash = "sha256:ba1cc08a7ccde2d2ec775841541641e4548226580ab850948cbfda66a1befcdc", size = 807870 },
    { url = "https://files.pythonhosted.org/packages/05/c0/b3be26a015601b822b97d9149ff8cb5ead58c66f981e04fedf4e762f4bd4/pyyaml-6.0.3-cp312-cp312-musllinux_1_2_aarch64.whl", hash = "sha256:8dc52c23056b9ddd46818a57b78404882310fb473d63f17b07d5c40421e47f8e", size = 761089 },
    { url = "https://files.pythonhosted.org/packages/be/8e/98435a21d1d4b46590d5459a22d88128103f8da4c2d4cb8f14f2a96504e1/pyyaml-6.0.3-cp312-cp312-musllinux_1_2_x86_64.whl", hash = "sha256:41715c910c881bc081f1e8872880d3c650acf13dfa8214bad49ed4cede7c34ea", size = 790181 },
    { url = "https://files.pythonhosted.org/packages/74/93/7baea19427dcfbe1e5a372d81473250b379f04b1bd3c4c5ff825e2327202/pyyaml-6.0.3-cp312-cp312-win32.whl", hash = "sha256:96b533f0e99f6579b3d4d4995707cf36df9100d67e0c8303a0c55b27b5f99bc5", size = 137658 },
    { url = "https://files.pythonhosted.org/packages/86/bf/899e81e4cce32febab4fb42bb97dcdf66bc135272882d1987881a4b519e9/pyyaml-6.0.3-cp312-cp312-win_amd64.whl", hash = "sha256:5fcd34e47f6e0b794d17de1b4ff496c00986e1c83f7ab2fb8fcfe9616ff7477b", size = 154003 },
    { url = "https://files.pythonhosted.org/packages/1a/08/67bd04656199bbb51dbed1439b7f27601dfb576fb864099c7ef0c3e55531/pyyaml-6.0.3-cp312-cp312-win_arm64.whl", hash = "sha256:64386e5e707d03a7e172c0701abfb7e10f0fb753ee1d773128192742712a98fd", size = 140344 },
    { url = "https://files.pythonhosted.org/packages/d1/11/0fd08f8192109f7169db964b5707a2f1e8b745d4e239b784a5a1dd80d1db/pyyaml-6.0.3-cp313-cp313-macosx_10_13_x86_64.whl", hash = "sha256:8da9669d359f02c0b91ccc01cac4a67f16afec0dac22c2ad09f46bee0697eba8", size = 181669 },
    { url = "https://files.pythonhosted.org/packages/b1/16/95309993f1d3748cd644e02e38b75d50cbc0d9561d21f390a76242ce073f/pyyaml-6.0.3-cp313-cp313-macosx_11_0_arm64.whl", hash = "sha256:2283a07e2c21a2aa78d9c4442724ec1eb15f5e42a723b99cb3d822d48f5f7ad1", size = 173252 },
    { url = "https://files.pythonhosted.org/packages/50/31/b20f376d3f810b9b2371e72ef5adb33879b25edb7a6d072cb7ca0c486398/pyyaml-6.0.3-cp313-cp313-manylinux2014_aarch64.manylinux_2_17_aarch64.manylinux_2_28_aarch64.whl", hash = "sha256:ee2922902c45ae8ccada2c5b501ab86c36525b883eff4255313a253a3160861c", size = 767081 },
    { url = "https://files.pythonhosted.org/packages/49/1e/a55ca81e949270d5d4432fbbd19dfea5321eda7c41a849d443dc92fd1ff7/pyyaml-6.0.3-cp313-cp313-manylinux2014_s390x.manylinux_2_17_s390x.manylinux_2_28_s390x.whl", hash = "sha256:a33284e20b78bd4a18c8c2282d549d10bc8408a2a7ff57653c0cf0b9be0afce5", size = 841159 },
    { url = "https://files.pythonhosted.org/packages/74/27/e5b8f34d02d9995b80abcef563ea1f8b56d20134d8f4e5e81733b1feceb2/pyyaml-6.0.3-cp313-cp313-manylinux2014_x86_64.manylinux_2_17_x86_64.manylinux_2_28_x86_64.whl", hash = "sha256:0f29edc409a6392443abf94b9cf89ce99889a1dd5376d94316ae5145dfedd5d6", size = 801626 },
    { url = "https://files.pythonhosted.org/packages/f9/11/ba845c23988798f40e52ba45f34849aa8a1f2d4af4b798588010792ebad6/pyyaml-6.0.3-cp313-cp313-musllinux_1_2_aarch64.whl", hash = "sha256:f7057c9a337546edc7973c0d3ba84ddcdf0daa14533c2065749c9075001090e6", size = 753613 },
    { url = "https://files.pythonhosted.org/packages/3d/e0/7966e1a7bfc0a45bf0a7fb6b98ea03fc9b8d84fa7f2229e9659680b69ee3/pyyaml-6.0.3-cp313-cp313-musllinux_1_2_x86_64.whl", hash = "sha256:eda16858a3cab07b80edaf74336ece1f986ba330fdb8ee0d6c0d68fe82bc96be", size = 794115 },
    { url = "https://files.pythonhosted.org/packages/de/94/980b50a6531b3019e45ddeada0626d45fa85cbe22300844a7983285bed3b/pyyaml-6.0.3-cp313-cp313-win32.whl", hash = "sha256:d0eae10f8159e8fdad514efdc92d74fd8d682c933a6dd088030f3834bc8e6b26", size = 137427 },
    { url = "https://files.pythonhosted.org/packages/97/c9/39d5b874e8b28845e4ec2202b5da735d0199dbe5b8fb85f91398814a9a46/pyyaml-6.0.3-cp313-cp313-win_amd64.whl", hash = "sha256:79005a0d97d5ddabfeeea4cf676af11e647e41d81c9a7722a193022accdb6b7c", size = 154090 },
    { url = "https://files.pythonhosted.org/packages/73/e8/2bdf3ca2090f68bb3d75b44da7bbc71843b19c9f2b9cb9b0f4ab7a5a4329/pyyaml-6.0.3-cp313-cp313-win_arm64.whl", hash = "sha256:5498cd1645aa724a7c71c8f378eb29ebe23da2fc0d7a08071d89469bf1d2defb", size = 140246 },
    { url = "https://files.pythonhosted.org/packages/9d/8c/f4bd7f6465179953d3ac9bc44ac1a8a3e6122cf8ada906b4f96c60172d43/pyyaml-6.0.3-cp314-cp314-macosx_10_13_x86_64.whl", hash = "sha256:8d1fab6bb153a416f9aeb4b8763bc0f22a5586065f86f7664fc23339fc1c1fac", size = 181814 },
    { url = "https://files.pythonhosted.org/packages/bd/9c/4d95bb87eb2063d20db7b60faa3840c1b18025517ae857371c4dd55a6b3a/pyyaml-6.0.3-cp314-cp314-macosx_11_0_arm64.whl", hash = "sha256:34d5fcd24b8445fadc33f9cf348c1047101756fd760b4dacb5c3e99755703310", size = 173809 },
    { url = "https://files.pythonhosted.org/packages/92/b5/47e807c2623074914e29dabd16cbbdd4bf5e9b2db9f8090fa64411fc5382/pyyaml-6.0.3-cp314-cp314-manylinux2014_aarch64.manylinux_2_17_aarch64.manylinux_2_28_aarch64.whl", hash = "sha256:501a031947e3a9025ed4405a168e6ef5ae3126c59f90ce0cd6f2bfc477be31b7", size = 766454 },
    { url = "https://files.pythonhosted.org/packages/02/9e/e5e9b168be58564121efb3de6859c452fccde0ab093d8438905899a3a483/pyyaml-6.0.3-cp314-cp314-manylinux2014_s390x.manylinux_2_17_s390x.manylinux_2_28_s390x.whl", hash = "sha256:b3bc83488de33889877a0f2543ade9f70c67d66d9ebb4ac959502e12de895788", size = 836355 },
    { url = "https://files.pythonhosted.org/packages/88/f9/16491d7ed2a919954993e48aa941b200f38040928474c9e85ea9e64222c3/pyyaml-6.0.3-cp314-cp314-manylinux2014_x86_64.manylinux_2_17_x86_64.manylinux_2_28_x86_64.whl", hash = "sha256:c458b6d084f9b935061bc36216e8a69a7e293a2f1e68bf956dcd9e6cbcd143f5", size = 794175 },
    { url = "https://files.pythonhosted.org/packages/dd/3f/5989debef34dc6397317802b527dbbafb2b4760878a53d4166579111411e/pyyaml-6.0.3-cp314-cp314-musllinux_1_2_aarch64.whl", hash = "sha256:7c6610def4f163542a622a73fb39f534f8c101d690126992300bf3207eab9764", size = 755228 },
    { url = "https://files.pythonhosted.org/packages/d7/ce/af88a49043cd2e265be63d083fc75b27b6ed062f5f9fd6cdc223ad62f03e/pyyaml-6.0.3-cp314-cp314-musllinux_1_2_x86_64.whl", hash = "sha256:5190d403f121660ce8d1d2c1bb2ef1bd05b5f68533fc5c2ea899bd15f4399b35", size = 789194 },
    { url = "https://files.pythonhosted.org/packages/23/20/bb6982b26a40bb43951265ba29d4c246ef0ff59c9fdcdf0ed04e0687de4d/pyyaml-6.0.3-cp314-cp314-win_amd64.whl", hash = "sha256:4a2e8cebe2ff6ab7d1050ecd59c25d4c8bd7e6f400f5f82b96557ac0abafd0ac", size = 156429 },
    { url = "https://files.pythonhosted.org/packages/f4/f4/a4541072bb9422c8a883ab55255f918fa378ecf083f5b85e87fc2b4eda1b/pyyaml-6.0.3-cp314-cp314-win_arm64.whl", hash = "sha256:93dda82c9c22deb0a405ea4dc5f2d0cda384168e466364dec6255b293923b2f3", size = 143912 },
    { url = "https://files.pythonhosted.org/packages/7c/f9/07dd09ae774e4616edf6cda684ee78f97777bdd15847253637a6f052a62f/pyyaml-6.0.3-cp314-cp314t-macosx_10_13_x86_64.whl", hash = "sha256:02893d100e99e03eda1c8fd5c441d8c60103fd175728e23e431db1b589cf5ab3", size = 189108 },
    { url = "https://files.pythonhosted.org/packages/4e/78/8d08c9fb7ce09ad8c38ad533c1191cf27f7ae1effe5bb9400a46d9437fcf/pyyaml-6.0.3-cp314-cp314t-macosx_11_0_arm64.whl", hash = "sha256:c1ff362665ae507275af2853520967820d9124984e0f7466736aea23d8611fba", size = 183641 },
    { url = "https://files.pythonhosted.org/packages/7b/5b/3babb19104a46945cf816d047db2788bcaf8c94527a805610b0289a01c6b/pyyaml-6.0.3-cp314-cp314t-manylinux2014_aarch64.manylinux_2_17_aarch64.manylinux_2_28_aarch64.whl", hash = "sha256:6adc77889b628398debc7b65c073bcb99c4a0237b248cacaf3fe8a557563ef6c", size = 831901 },
    { url = "https://files.pythonhosted.org/packages/8b/cc/dff0684d8dc44da4d22a13f35f073d558c268780ce3c6ba1b87055bb0b87/pyyaml-6.0.3-cp314-cp314t-manylinux2014_s390x.manylinux_2_17_s390x.manylinux_2_28_s390x.whl", hash = "sha256:a80cb027f6b349846a3bf6d73b5e95e782175e52f22108cfa17876aaeff93702", size = 861132 },
    { url = "https://files.pythonhosted.org/packages/b1/5e/f77dc6b9036943e285ba76b49e118d9ea929885becb0a29ba8a7c75e29fe/pyyaml-6.0.3-cp314-cp314t-manylinux2014_x86_64.manylinux_2_17_x86_64.manylinux_2_28_x86_64.whl", hash = "sha256:00c4bdeba853cc34e7dd471f16b4114f4162dc03e6b7afcc2128711f0eca823c", size = 839261 },
    { url = "https://files.pythonhosted.org/packages/ce/88/a9db1376aa2a228197c58b37302f284b5617f56a5d959fd1763fb1675ce6/pyyaml-6.0.3-cp314-cp314t-musllinux_1_2_aarch64.whl", hash = "sha256:66e1674c3ef6f541c35191caae2d429b967b99e02040f5ba928632d9a7f0f065", size = 805272 },
    { url = "https://files.pythonhosted.org/packages/da/92/1446574745d74df0c92e6aa4a7b0b3130706a4142b2d1a5869f2eaa423c6/pyyaml-6.0.3-cp314-cp314t-musllinux_1_2_x86_64.whl", hash = "sha256:16249ee61e95f858e83976573de0f5b2893b3677ba71c9dd36b9cf8be9ac6d65", size = 829923 },
    { url = "https://files.pythonhosted.org/packages/f0/7a/1c7270340330e575b92f397352af856a8c06f230aa3e76f86b39d01b416a/pyyaml-6.0.3-cp314-cp314t-win_amd64.whl", hash = "sha256:4ad1906908f2f5ae4e5a8ddfce73c320c2a1429ec52eafd27138b7f1cbe341c9", size = 174062 },
    { url = "https://files.pythonhosted.org/packages/f1/12/de94a39c2ef588c7e6455cfbe7343d3b2dc9d6b6b2f40c4c6565744c873d/pyyaml-6.0.3-cp314-cp314t-win_arm64.whl", hash = "sha256:ebc55a14a21cb14062aa4162f906cd962b28e2e9ea38f9b4391244cd8de4ae0b", size = 149341 },
]

[[package]]
name = "six"
version = "1.17.0"
source = { registry = "https://pypi.org/simple" }
sdist = { url = "https://files.pythonhosted.org/packages/94/e7/b2c673351809dca68a0e064b6af791aa332cf192da575fd474ed7d6f16a2/six-1.17.0.tar.gz", hash = "sha256:ff70335d468e7eb6ec65b95b99d3a2836546063f63acc5171de367e834932a81", size = 34031 }
wheels = [
    { url = "https://files.pythonhosted.org/packages/b7/ce/149a00dd41f10bc29e5921b496af8b574d8413afcd5e30dfa0ed46c2cc5e/six-1.17.0-py2.py3-none-any.whl", hash = "sha256:4721f391ed90541fddacab5acf947aa0d3dc7d27b2e1e8eda2be8970586c3274", size = 11050 },
]

[[package]]
name = "urllib3"
version = "2.6.3"
source = { registry = "https://pypi.org/simple" }
sdist = { url = "https://files.pythonhosted.org/packages/c7/24/5f1b3bdffd70275f6661c76461e25f024d5a38a46f04aaca912426a2b1d3/urllib3-2.6.3.tar.gz", hash = "sha256:1b62b6884944a57dbe321509ab94fd4d3b307075e0c2eae991ac71ee15ad38ed", size = 435556 }
wheels = [
    { url = "https://files.pythonhosted.org/packages/39/08/aaaad47bc4e9dc8c725e68f9d04865dbcb2052843ff09c97b08904852d84/urllib3-2.6.3-py3-none-any.whl", hash = "sha256:bf272323e553dfb2e87d9bfd225ca7b0f467b919d7bbd355436d3fd37cb0acd4", size = 131584 },
]

[[package]]
name = "websocket-client"
version = "1.7.0"
source = { registry = "https://pypi.org/simple" }
sdist = { url = "https://files.pythonhosted.org/packages/20/07/2a94288afc0f6c9434d6709c5320ee21eaedb2f463ede25ed9cf6feff330/websocket-client-1.7.0.tar.gz", hash = "sha256:10e511ea3a8c744631d3bd77e61eb17ed09304c413ad42cf6ddfa4c7787e8fe6", size = 54037 }
wheels = [
    { url = "https://files.pythonhosted.org/packages/1e/70/1e88138a9afbed1d37093b85f0bebc3011623c4f47c166431599fe9d6c93/websocket_client-1.7.0-py3-none-any.whl", hash = "sha256:f4c3d22fec12a2461427a29957ff07d35098ee2d976d3ba244e688b8b4057588", size = 58462 },
]
